github.com/BurntSushi/toml v1.6.0 h1:dRaEfpa2VI55EwlIW72hMRHdWouJeRF7TPYhI+AUQjk=
github.com/BurntSushi/toml v1.6.0/go.mod h1:ukJfTF/6rtPPRCnwkur4qwRxa8vTRFBF0uk2lLoLwho=
go.osspkg.com/bb v1.0.1 h1:AWyt2WUyHcyxbkAbiKHo69IPbm4Cvt9fWAcU0rpyRAs=
go.osspkg.com/bb v1.0.1/go.mod h1:bh7v2dIXJC0ge8BZLsh10EFRbJSLjXCmxq4IwSogc58=
go.osspkg.com/casecheck v0.3.1 h1:mxg1WaWy/tv7J05jvf5Idy3ydDYbac3gOOV9NPdjxvU=
go.osspkg.com/casecheck v0.3.1/go.mod h1:TRFXDMFJEOtnlp3ET2Hix3osbxwPWhvaiT/HfD3+gBA=
go.osspkg.com/errors v0.4.0 h1:E17+WyUzTXEHCTxGm8lOMPOOojzHG1lsOuQtTVGoATQ=
go.osspkg.com/errors v0.4.0/go.mod h1:s75ZovPemYtrCtRPVsbQNq9MgMbmLMK1NEypr+uwjXI=
go.osspkg.com/random v0.5.1 h1:HC17mtURJvYpIPgouwd6PPHu74GP5pU2/XKninInUsQ=
go.osspkg.com/random v0.5.1/go.mod h1:lsg3FI87PQdjhVWIVo2GXyPBclipljUxjMlWqRl2cck=
go.osspkg.com/routine v0.4.1 h1:eKsbCAWplw1AokHLJfDY7yzkEmJ4WY0UDSAGotLsZXc=
go.osspkg.com/routine v0.4.1/go.mod h1:HUVnPHLFzNCYEGOqUiQWL+av73aFJ6H57XutFxhA+eU=
go.osspkg.com/syncing v0.5.0 h1:mgrwnn6381GiLZsuAXGWKk3AnBdm9HbaYwPyBMPoa/k=
go.osspkg.com/syncing v0.5.0/go.mod h1:/LBmgCAHFW6nQgVDILpEuo6eRCFK1yyFeNbDs4eVNls=
go.osspkg.com/unic v1.0.1 h1:qXgH/IiUjYNroulAJrgJqXeioIbdXTP34gnn4l57DKU=
go.osspkg.com/unic v1.0.1/go.mod h1:Erx2ezJPM/jcXQyxkcTexkcgB0rO4vtw4YORb8OpgBA=
gopkg.in/check.v1 v0.0.0-20161208181325-20d25e280405 h1:yhCVgyC4o1eVCa2tZl7eS0r+SDo693bJlVdllGtEeKM=
gopkg.in/check.v1 v0.0.0-20161208181325-20d25e280405/go.mod h1:Co6ibVJAznAaIkqp8huTwlJQCZ016jof/cbN4VW5Yz0=
gopkg.in/yaml.v3 v3.0.1 h1:fxVm/GzAzEWqLHuvctI91KS9hhNmmWOoWu0XTYJS7CA=
gopkg.in/yaml.v3 v3.0.1/go.mod h1:K4uyk7z7BCEPqu6E+C64Yfv1cQ7kz7rIZviUmN+EgEM=
